
Microsoft Visual Studio Solution File, Format Version 12.00
# Visual Studio Version 17
VisualStudioVersion = 17.0.31912.275
MinimumVisualStudioVersion = 10.0.40219.1
Project("{9A19103F-16F7-4668-BE54-9A1E7A4F7556}") = "BulkyBookWeb", "BulkyBookWeb\BulkyBookWeb.csproj", "{CD990B04-C959-4AE8-A298-E5D86530A178}"
EndProject
Project("{2150E333-8FDC-42A3-9474-1A3956D46DE8}") = "Solution Items", "Solution Items", "{88DE5324-334B-4B3E-97EC-EDA682FFF496}"
	ProjectSection(SolutionItems) = preProject
		.editorconfig = .editorconfig
	EndProjectSection
EndProject
Global
	GlobalSection(SolutionConfigurationPlatforms) = preSolution
		Debug|Any CPU = Debug|Any CPU
		Release|Any CPU = Release|Any CPU
	EndGlobalSection
	GlobalSection(ProjectConfigurationPlatforms) = postSolution
		{CD990B04-C959-4AE8-A298-E5D86530A178}.Debug|Any CPU.ActiveCfg = Debug|Any CPU
		{CD990B04-C959-4AE8-A298-E5D86530A178}.Debug|Any CPU.Build.0 = Debug|Any CPU
		{CD990B04-C959-4AE8-A298-E5D86530A178}.Release|Any CPU.ActiveCfg = Release|Any CPU
		{CD990B04-C959-4AE8-A298-E5D86530A178}.Release|Any CPU.Build.0 = Release|Any CPU
	EndGlobalSection
	GlobalSection(SolutionProperties) = preSolution
		HideSolutionNode = FALSE
	EndGlobalSection
	GlobalSection(ExtensibilityGlobals) = postSolution
		SolutionGuid = {4E698955-76B2-432B-B988-8DC9E7143A2C}
	EndGlobalSection
EndGlobal
